<?xml version="1.0" encoding="utf-8"?>
<Project ToolsVersion="4.0" xmlns="http://schemas.microsoft.com/developer/msbuild/2003">
  <ItemGroup>
    <Filter Include="Header Files">
      <UniqueIdentifier>{93995380-89BD-4b04-88EB-625FBE52EBFB}</UniqueIdentifier>
      <Extensions>h;hh;hpp;hxx;hm;inl;inc;ipp;xsd</Extensions>
    </Filter>
    <Filter Include="Header Files\Hooks">
      <UniqueIdentifier>{c5297be4-6b31-47f5-a174-f4b658d57bb5}</UniqueIdentifier>
    </Filter>
    <Filter Include="Header Files\Features">
      <UniqueIdentifier>{b9815090-57f0-4cda-b197-e5337f87f307}</UniqueIdentifier>
    </Filter>
    <Filter Include="Header Files\SDK">
      <UniqueIdentifier>{5695da55-1e44-42fb-bf81-1148fb61dadc}</UniqueIdentifier>
    </Filter>
    <Filter Include="Header Files\SDK\Panorama">
      <UniqueIdentifier>{6689e061-2b79-4871-83d9-5fc4f9ec1a0d}</UniqueIdentifier>
    </Filter>
    <Filter Include="Header Files\SDK\Utl">
      <UniqueIdentifier>{6f326445-4d16-4ebb-a992-4fdb14eba73e}</UniqueIdentifier>
    </Filter>
    <Filter Include="Resource Files">
      <UniqueIdentifier>{67DA6AB6-F800-4c08-8B7A-83BB121AAD01}</UniqueIdentifier>
      <Extensions>rc;ico;cur;bmp;dlg;rc2;rct;bin;rgs;gif;jpg;jpeg;jpe;resx;tiff;tif;png;wav;mfcribbon-ms</Extensions>
    </Filter>
    <Filter Include="Source Files">
      <UniqueIdentifier>{4FC737F1-C7A5-4376-A066-2A32D752A2FF}</UniqueIdentifier>
      <Extensions>cpp;c;cc;cxx;def;odl;idl;hpj;bat;asm;asmx</Extensions>
    </Filter>
    <Filter Include="Header Files\SDK\Interfaces">
      <UniqueIdentifier>{ddc30160-ac19-4e8f-8ce0-2fcc91237d5f}</UniqueIdentifier>
    </Filter>
  </ItemGroup>
  <ItemGroup>
    <ClInclude Include="stdafx.h">
      <Filter>Header Files</Filter>
    </ClInclude>
    <ClInclude Include="Signatures.h">
      <Filter>Header Files</Filter>
    </ClInclude>
    <ClInclude Include="Schema.h">
      <Filter>Header Files</Filter>
    </ClInclude>
    <ClInclude Include="VTH.h">
      <Filter>Header Files</Filter>
    </ClInclude>
    <ClInclude Include="Draw.h">
      <Filter>Header Files</Filter>
    </ClInclude>
    <ClInclude Include="Features\Moves.h">
      <Filter>Header Files\Features</Filter>
    </ClInclude>
    <ClInclude Include="Features\Visuals.h">
      <Filter>Header Files\Features</Filter>
    </ClInclude>
    <ClInclude Include="Hooks\CreateMove.h">
      <Filter>Header Files\Hooks</Filter>
    </ClInclude>
    <ClInclude Include="Hooks\Hooks.h">
      <Filter>Header Files\Hooks</Filter>
    </ClInclude>
    <ClInclude Include="Hooks\PaintTraverse.h">
      <Filter>Header Files\Hooks</Filter>
    </ClInclude>
    <ClInclude Include="Hooks\StartSoundEvent.h">
      <Filter>Header Files\Hooks</Filter>
    </ClInclude>
    <ClInclude Include="SDK\Ability.h">
      <Filter>Header Files\SDK</Filter>
    </ClInclude>
    <ClInclude Include="SDK\Entity.h">
      <Filter>Header Files\SDK</Filter>
    </ClInclude>
    <ClInclude Include="SDK\Item.h">
      <Filter>Header Files\SDK</Filter>
    </ClInclude>
    <ClInclude Include="SDK\Modifier.h">
      <Filter>Header Files\SDK</Filter>
    </ClInclude>
    <ClInclude Include="SDK\NPC.h">
      <Filter>Header Files\SDK</Filter>
    </ClInclude>
    <ClInclude Include="SDK\Player.h">
      <Filter>Header Files\SDK</Filter>
    </ClInclude>
    <ClInclude Include="Features\Features.h">
      <Filter>Header Files\Features</Filter>
    </ClInclude>
    <ClInclude Include="SDK\Color.h">
      <Filter>Header Files\SDK</Filter>
    </ClInclude>
    <ClInclude Include="Hooks\FindVar.h">
      <Filter>Header Files\Hooks</Filter>
    </ClInclude>
    <ClInclude Include="SDK\Utl\UtlVector.h">
      <Filter>Header Files\SDK\Utl</Filter>
    </ClInclude>
    <ClInclude Include="SDK\Utl\UtlSymbol.h">
      <Filter>Header Files\SDK\Utl</Filter>
    </ClInclude>
    <ClInclude Include="SDK\Utl\UtlMemory.h">
      <Filter>Header Files\SDK\Utl</Filter>
    </ClInclude>
    <ClInclude Include="SDK\Utl\UtlRBTree.h">
      <Filter>Header Files\SDK\Utl</Filter>
    </ClInclude>
    <ClInclude Include="SDK\Utl\UtlMap.h">
      <Filter>Header Files\SDK\Utl</Filter>
    </ClInclude>
    <ClInclude Include="Menu.h">
      <Filter>Header Files</Filter>
    </ClInclude>
    <ClInclude Include="popup_heck.h">
      <Filter>Header Files</Filter>
    </ClInclude>
    <ClInclude Include="Settings.h">
      <Filter>Header Files</Filter>
    </ClInclude>
    <ClInclude Include="SDK\Utl\UtlString.h">
      <Filter>Header Files\SDK\Utl</Filter>
    </ClInclude>
    <ClInclude Include="SDK\Panorama\Panorama.h">
      <Filter>Header Files\SDK\Panorama</Filter>
    </ClInclude>
    <ClInclude Include="Hooks\RegisterEventHandlerClient.h">
      <Filter>Header Files\Hooks</Filter>
    </ClInclude>
    <ClInclude Include="SDK\Panorama\UIPanel.h">
      <Filter>Header Files\SDK\Panorama</Filter>
    </ClInclude>
    <ClInclude Include="SDK\Panorama\UIEvent.h">
      <Filter>Header Files\SDK\Panorama</Filter>
    </ClInclude>
    <ClInclude Include="SDK\Panorama\Panel2D.h">
      <Filter>Header Files\SDK\Panorama</Filter>
    </ClInclude>
    <ClInclude Include="SDK\Utl\UtlDelegate.h">
      <Filter>Header Files\SDK\Utl</Filter>
    </ClInclude>
    <ClInclude Include="Hooks\RPUpdate.h">
      <Filter>Header Files\Hooks</Filter>
    </ClInclude>
    <ClInclude Include="Features\AutoDisable.h">
      <Filter>Header Files\Features</Filter>
    </ClInclude>
    <ClInclude Include="SDK\Vector.h">
      <Filter>Header Files\SDK</Filter>
    </ClInclude>
    <ClInclude Include="Hooks\MinimapRenderer.h">
      <Filter>Header Files\Hooks</Filter>
    </ClInclude>
    <ClInclude Include="Hooks\ParticleManager.h">
      <Filter>Header Files\Hooks</Filter>
    </ClInclude>
    <ClInclude Include="Features\CourierPrediction.h">
      <Filter>Header Files\Features</Filter>
    </ClInclude>
    <ClInclude Include="Hooks\CreateParticleCollection.h">
      <Filter>Header Files\Hooks</Filter>
    </ClInclude>
    <ClInclude Include="Features\ParticleMaphack.h">
      <Filter>Header Files\Features</Filter>
    </ClInclude>
    <ClInclude Include="SDK\Particle.h">
      <Filter>Header Files\SDK</Filter>
    </ClInclude>
    <ClInclude Include="SDK\ConVar.h">
      <Filter>Header Files\SDK</Filter>
    </ClInclude>
    <ClInclude Include="SDK\GameRules.h">
      <Filter>Header Files\SDK</Filter>
    </ClInclude>
    <ClInclude Include="SDK\GlobalVars.h">
      <Filter>Header Files\SDK</Filter>
    </ClInclude>
    <ClInclude Include="SDK\Globals.h">
      <Filter>Header Files\SDK</Filter>
    </ClInclude>
    <ClInclude Include="SDK\Logging.h">
      <Filter>Header Files\SDK</Filter>
    </ClInclude>
    <ClInclude Include="SDK\HudIcons.h">
      <Filter>Header Files\SDK</Filter>
    </ClInclude>
    <ClInclude Include="SDK\Interfaces\Client.h">
      <Filter>Header Files\SDK\Interfaces</Filter>
    </ClInclude>
    <ClInclude Include="SDK\Interfaces\Cvar.h">
      <Filter>Header Files\SDK\Interfaces</Filter>
    </ClInclude>
    <ClInclude Include="SDK\Interfaces\Engine.h">
      <Filter>Header Files\SDK\Interfaces</Filter>
    </ClInclude>
    <ClInclude Include="SDK\Interfaces\EntitySystem.h">
      <Filter>Header Files\SDK\Interfaces</Filter>
    </ClInclude>
    <ClInclude Include="SDK\Interfaces\Interfaces.h">
      <Filter>Header Files\SDK\Interfaces</Filter>
    </ClInclude>
    <ClInclude Include="SDK\Interfaces\KeyValues.h">
      <Filter>Header Files\SDK\Interfaces</Filter>
    </ClInclude>
    <ClInclude Include="SDK\Interfaces\MemAlloc.h">
      <Filter>Header Files\SDK\Interfaces</Filter>
    </ClInclude>
    <ClInclude Include="SDK\Interfaces\MinimapObjectManager.h">
      <Filter>Header Files\SDK\Interfaces</Filter>
    </ClInclude>
    <ClInclude Include="SDK\Interfaces\Panel.h">
      <Filter>Header Files\SDK\Interfaces</Filter>
    </ClInclude>
    <ClInclude Include="SDK\Interfaces\SchemaSystem.h">
      <Filter>Header Files\SDK\Interfaces</Filter>
    </ClInclude>
    <ClInclude Include="SDK\Interfaces\Surface.h">
      <Filter>Header Files\SDK\Interfaces</Filter>
    </ClInclude>
    <ClInclude Include="SDK\Interfaces\UIEngine.h">
      <Filter>Header Files\SDK\Interfaces</Filter>
    </ClInclude>
    <ClInclude Include="SDK\Interfaces\Input.h">
      <Filter>Header Files\SDK\Interfaces</Filter>
    </ClInclude>
    <ClInclude Include="SDK\RichPresence.h">
      <Filter>Header Files\SDK</Filter>
    </ClInclude>
    <ClInclude Include="SDK\ParticleManager.h">
      <Filter>Header Files\SDK</Filter>
    </ClInclude>
    <ClInclude Include="Hooks\Minigames.h">
      <Filter>Header Files\Hooks</Filter>
    </ClInclude>
    <ClInclude Include="SDK\Interfaces\InputService.h">
      <Filter>Header Files\SDK\Interfaces</Filter>
    </ClInclude>
    <ClInclude Include="SDK\Misc.h">
      <Filter>Header Files\SDK</Filter>
    </ClInclude>
  </ItemGroup>
  <ItemGroup>
    <ClCompile Include="stdafx.cpp">
      <Filter>Source Files</Filter>
    </ClCompile>
    <ClCompile Include="Main.cpp">
      <Filter>Source Files</Filter>
    </ClCompile>
  </ItemGroup>
</Project>